
Microsoft Visual Studio Solution File, Format Version 12.00
# Visual Studio Version 17
VisualStudioVersion = 17.2.32630.192
MinimumVisualStudioVersion = 10.0.40219.1
Project("{FAE04EC0-301F-11D3-BF4B-00C04F79EFBC}") = "PR15", "PR15\PR15.csproj", "{80823354-52F4-442E-8546-14CBF9B6CDA5}"
EndProject
Global
	GlobalSection(SolutionConfigurationPlatforms) = preSolution
		Debug|Any CPU = Debug|Any CPU
		Release|Any CPU = Release|Any CPU
	EndGlobalSection
	GlobalSection(ProjectConfigurationPlatforms) = postSolution
		{80823354-52F4-442E-8546-14CBF9B6CDA5}.Debug|Any CPU.ActiveCfg = Debug|Any CPU
		{80823354-52F4-442E-8546-14CBF9B6CDA5}.Debug|Any CPU.Build.0 = Debug|Any CPU
		{80823354-52F4-442E-8546-14CBF9B6CDA5}.Release|Any CPU.ActiveCfg = Release|Any CPU
		{80823354-52F4-442E-8546-14CBF9B6CDA5}.Release|Any CPU.Build.0 = Release|Any CPU
	EndGlobalSection
	GlobalSection(SolutionProperties) = preSolution
		HideSolutionNode = FALSE
	EndGlobalSection
	GlobalSection(ExtensibilityGlobals) = postSolution
		SolutionGuid = {40CBB80B-1C08-4465-9938-D722C39AE18A}
	EndGlobalSection
EndGlobal
